
Microsoft Visual Studio Solution File, Format Version 12.00
# Visual Studio 2013
VisualStudioVersion = 12.0.20827.3
MinimumVisualStudioVersion = 10.0.40219.1
Project("{E24C65DC-7377-472B-9ABA-BC803B73C61A}") = "view-builder", "http://localhost:8513", "{990A4AB0-1CF4-4792-9B9E-B8E9183B70A7}"
	ProjectSection(WebsiteProperties) = preProject
		UseIISExpress = "true"
		TargetFrameworkMoniker = ".NETFramework,Version%3Dv4.0"
		Debug.AspNetCompiler.VirtualPath = "/localhost_8513"
		Debug.AspNetCompiler.PhysicalPath = "E:\Development\Home\view-builder\"
		Debug.AspNetCompiler.TargetPath = "PrecompiledWeb\localhost_8513\"
		Debug.AspNetCompiler.Updateable = "true"
		Debug.AspNetCompiler.ForceOverwrite = "true"
		Debug.AspNetCompiler.FixedNames = "false"
		Debug.AspNetCompiler.Debug = "True"
		Release.AspNetCompiler.VirtualPath = "/localhost_8513"
		Release.AspNetCompiler.PhysicalPath = "E:\Development\Home\view-builder\"
		Release.AspNetCompiler.TargetPath = "PrecompiledWeb\localhost_8513\"
		Release.AspNetCompiler.Updateable = "true"
		Release.AspNetCompiler.ForceOverwrite = "true"
		Release.AspNetCompiler.FixedNames = "false"
		Release.AspNetCompiler.Debug = "False"
		SlnRelativePath = "E:\Development\Home\view-builder\"
	EndProjectSection
EndProject
Global
	GlobalSection(SolutionConfigurationPlatforms) = preSolution
		Debug|Any CPU = Debug|Any CPU
	EndGlobalSection
	GlobalSection(ProjectConfigurationPlatforms) = postSolution
		{990A4AB0-1CF4-4792-9B9E-B8E9183B70A7}.Debug|Any CPU.ActiveCfg = Debug|Any CPU
		{990A4AB0-1CF4-4792-9B9E-B8E9183B70A7}.Debug|Any CPU.Build.0 = Debug|Any CPU
	EndGlobalSection
	GlobalSection(SolutionProperties) = preSolution
		HideSolutionNode = FALSE
	EndGlobalSection
EndGlobal
